
Microsoft Visual Studio Solution File, Format Version 12.00
# Visual Studio 15
VisualStudioVersion = 15.0.27924.0
MinimumVisualStudioVersion = 10.0.40219.1
Project("{FAE04EC0-301F-11D3-BF4B-00C04F79EFBC}") = "TCore.StreamEx", "TCore.StreamEx.csproj", "{A6C31D9E-CA95-4BAA-9B42-7F080DF59067}"
EndProject
Global
	GlobalSection(SolutionConfigurationPlatforms) = preSolution
		Debug|Any CPU = Debug|Any CPU
		Release|Any CPU = Release|Any CPU
	EndGlobalSection
	GlobalSection(ProjectConfigurationPlatforms) = postSolution
		{A6C31D9E-CA95-4BAA-9B42-7F080DF59067}.Debug|Any CPU.ActiveCfg = Debug|Any CPU
		{A6C31D9E-CA95-4BAA-9B42-7F080DF59067}.Debug|Any CPU.Build.0 = Debug|Any CPU
		{A6C31D9E-CA95-4BAA-9B42-7F080DF59067}.Release|Any CPU.ActiveCfg = Release|Any CPU
		{A6C31D9E-CA95-4BAA-9B42-7F080DF59067}.Release|Any CPU.Build.0 = Release|Any CPU
	EndGlobalSection
	GlobalSection(SolutionProperties) = preSolution
		HideSolutionNode = FALSE
	EndGlobalSection
	GlobalSection(ExtensibilityGlobals) = postSolution
		SolutionGuid = {A91ED129-540A-4B97-B61F-ED45DFB80AE6}
	EndGlobalSection
EndGlobal
